// !$*UTF8*$!
{
	archiveVersion = 1;
	classes = {
	};
	objectVersion = 50;
	objects = {

/* Begin PBXBuildFile section */
		EB89F58F2706CCC2007E8E92 /* AppDelegate.swift in Sources */ = {isa = PBXBuildFile; fileRef = EB89F58E2706CCC2007E8E92 /* AppDelegate.swift */; };
		EB89F5912706CCC2007E8E92 /* SceneDelegate.swift in Sources */ = {isa = PBXBuildFile; fileRef = EB89F5902706CCC2007E8E92 /* SceneDelegate.swift */; };
		EB89F5932706CCC2007E8E92 /* ViewController.swift in Sources */ = {isa = PBXBuildFile; fileRef = EB89F5922706CCC2007E8E92 /* ViewController.swift */; };
		EB89F5962706CCC2007E8E92 /* Main.storyboard in Resources */ = {isa = PBXBuildFile; fileRef = EB89F5942706CCC2007E8E92 /* Main.storyboard */; };
		EB89F5992706CCC2007E8E92 /* Test_Project.xcdatamodeld in Sources */ = {isa = PBXBuildFile; fileRef = EB89F5972706CCC2007E8E92 /* Test_Project.xcdatamodeld */; };
		EB89F59B2706CCC5007E8E92 /* Assets.xcassets in Resources */ = {isa = PBXBuildFile; fileRef = EB89F59A2706CCC5007E8E92 /* Assets.xcassets */; };
		EB89F59E2706CCC5007E8E92 /* LaunchScreen.storyboard in Resources */ = {isa = PBXBuildFile; fileRef = EB89F59C2706CCC5007E8E92 /* LaunchScreen.storyboard */; };
		EB89F5A92706CCC6007E8E92 /* Test_ProjectTests.swift in Sources */ = {isa = PBXBuildFile; fileRef = EB89F5A82706CCC6007E8E92 /* Test_ProjectTests.swift */; };
		EB89F5B42706CCC6007E8E92 /* Test_ProjectUITests.swift in Sources */ = {isa = PBXBuildFile; fileRef = EB89F5B32706CCC6007E8E92 /* Test_ProjectUITests.swift */; };
		EB89F5C52706DB7D007E8E92 /* SearchBarExtension.swift in Sources */ = {isa = PBXBuildFile; fileRef = EB89F5C42706DB7D007E8E92 /* SearchBarExtension.swift */; };
		EB89F5C72706DE65007E8E92 /* ButtonExtension.swift in Sources */ = {isa = PBXBuildFile; fileRef = EB89F5C62706DE65007E8E92 /* ButtonExtension.swift */; };
		EB89F5C92706E382007E8E92 /* MainTabViewController.swift in Sources */ = {isa = PBXBuildFile; fileRef = EB89F5C82706E382007E8E92 /* MainTabViewController.swift */; };
		EB89F5CD2706E476007E8E92 /* FirstTableViewCell.swift in Sources */ = {isa = PBXBuildFile; fileRef = EB89F5CB2706E475007E8E92 /* FirstTableViewCell.swift */; };
		EB89F5CE2706E476007E8E92 /* FirstTableViewCell.xib in Resources */ = {isa = PBXBuildFile; fileRef = EB89F5CC2706E475007E8E92 /* FirstTableViewCell.xib */; };
		EB89F5D22706E594007E8E92 /* FirstCollectionViewCell.swift in Sources */ = {isa = PBXBuildFile; fileRef = EB89F5D02706E594007E8E92 /* FirstCollectionViewCell.swift */; };
		EB89F5D32706E594007E8E92 /* FirstCollectionViewCell.xib in Resources */ = {isa = PBXBuildFile; fileRef = EB89F5D12706E594007E8E92 /* FirstCollectionViewCell.xib */; };
		EB89F5D52706EA0F007E8E92 /* ModelStruct.swift in Sources */ = {isa = PBXBuildFile; fileRef = EB89F5D42706EA0F007E8E92 /* ModelStruct.swift */; };
		EB89F5D927070139007E8E92 /* SecondTableViewCell.swift in Sources */ = {isa = PBXBuildFile; fileRef = EB89F5D727070139007E8E92 /* SecondTableViewCell.swift */; };
		EB89F5DA27070139007E8E92 /* SecondTableViewCell.xib in Resources */ = {isa = PBXBuildFile; fileRef = EB89F5D827070139007E8E92 /* SecondTableViewCell.xib */; };
		EB89F5DC2707056A007E8E92 /* LabelExtension.swift in Sources */ = {isa = PBXBuildFile; fileRef = EB89F5DB2707056A007E8E92 /* LabelExtension.swift */; };
		EB89F5DF27070BB2007E8E92 /* ThirdCollectionViewCell.swift in Sources */ = {isa = PBXBuildFile; fileRef = EB89F5DD27070BB2007E8E92 /* ThirdCollectionViewCell.swift */; };
		EB89F5E027070BB2007E8E92 /* ThirdCollectionViewCell.xib in Resources */ = {isa = PBXBuildFile; fileRef = EB89F5DE27070BB2007E8E92 /* ThirdCollectionViewCell.xib */; };
		EB89F5E427073655007E8E92 /* HeaderViewTableView.swift in Sources */ = {isa = PBXBuildFile; fileRef = EB89F5E327073655007E8E92 /* HeaderViewTableView.swift */; };
		EB89F5E627073664007E8E92 /* HeaderViewTableView.xib in Resources */ = {isa = PBXBuildFile; fileRef = EB89F5E527073664007E8E92 /* HeaderViewTableView.xib */; };
		EB89F5E927073953007E8E92 /* OrderAgainCollectionViewCell.swift in Sources */ = {isa = PBXBuildFile; fileRef = EB89F5E727073953007E8E92 /* OrderAgainCollectionViewCell.swift */; };
		EB89F5EA27073953007E8E92 /* OrderAgainCollectionViewCell.xib in Resources */ = {isa = PBXBuildFile; fileRef = EB89F5E827073953007E8E92 /* OrderAgainCollectionViewCell.xib */; };
		EB89F5ED270745D1007E8E92 /* FoodCollectionViewCell.swift in Sources */ = {isa = PBXBuildFile; fileRef = EB89F5EB270745D1007E8E92 /* FoodCollectionViewCell.swift */; };
		EB89F5EE270745D1007E8E92 /* FoodCollectionViewCell.xib in Resources */ = {isa = PBXBuildFile; fileRef = EB89F5EC270745D1007E8E92 /* FoodCollectionViewCell.xib */; };
		EB89F5F127076660007E8E92 /* MoreTableViewCell.swift in Sources */ = {isa = PBXBuildFile; fileRef = EB89F5EF27076660007E8E92 /* MoreTableViewCell.swift */; };
		EB89F5F227076660007E8E92 /* MoreTableViewCell.xib in Resources */ = {isa = PBXBuildFile; fileRef = EB89F5F027076660007E8E92 /* MoreTableViewCell.xib */; };
		EB89F5F527076B21007E8E92 /* RestaurantTableViewCell.swift in Sources */ = {isa = PBXBuildFile; fileRef = EB89F5F327076B21007E8E92 /* RestaurantTableViewCell.swift */; };
		EB89F5F627076B21007E8E92 /* RestaurantTableViewCell.xib in Resources */ = {isa = PBXBuildFile; fileRef = EB89F5F427076B21007E8E92 /* RestaurantTableViewCell.xib */; };
		EB89F5F82707879F007E8E92 /* ViewExtension.swift in Sources */ = {isa = PBXBuildFile; fileRef = EB89F5F72707879F007E8E92 /* ViewExtension.swift */; };
		EB89F5FA2707B4ED007E8E92 /* SearchViewController.swift in Sources */ = {isa = PBXBuildFile; fileRef = EB89F5F92707B4ED007E8E92 /* SearchViewController.swift */; };
		EBC4BDBD2708469B00ABEB4E /* SearchRestaurantTableViewCell.swift in Sources */ = {isa = PBXBuildFile; fileRef = EBC4BDBB2708469B00ABEB4E /* SearchRestaurantTableViewCell.swift */; };
		EBC4BDBE2708469B00ABEB4E /* SearchRestaurantTableViewCell.xib in Resources */ = {isa = PBXBuildFile; fileRef = EBC4BDBC2708469B00ABEB4E /* SearchRestaurantTableViewCell.xib */; };
/* End PBXBuildFile section */

/* Begin PBXContainerItemProxy section */
		EB89F5A52706CCC6007E8E92 /* PBXContainerItemProxy */ = {
			isa = PBXContainerItemProxy;
			containerPortal = EB89F5832706CCC1007E8E92 /* Project object */;
			proxyType = 1;
			remoteGlobalIDString = EB89F58A2706CCC2007E8E92;
			remoteInfo = "Test Project";
		};
		EB89F5B02706CCC6007E8E92 /* PBXContainerItemProxy */ = {
			isa = PBXContainerItemProxy;
			containerPortal = EB89F5832706CCC1007E8E92 /* Project object */;
			proxyType = 1;
			remoteGlobalIDString = EB89F58A2706CCC2007E8E92;
			remoteInfo = "Test Project";
		};
/* End PBXContainerItemProxy section */

/* Begin PBXFileReference section */
		EB89F58B2706CCC2007E8E92 /* Test Project.app */ = {isa = PBXFileReference; explicitFileType = wrapper.application; includeInIndex = 0; path = "Test Project.app"; sourceTree = BUILT_PRODUCTS_DIR; };
		EB89F58E2706CCC2007E8E92 /* AppDelegate.swift */ = {isa = PBXFileReference; lastKnownFileType = sourcecode.swift; path = AppDelegate.swift; sourceTree = "<group>"; };
		EB89F5902706CCC2007E8E92 /* SceneDelegate.swift */ = {isa = PBXFileReference; lastKnownFileType = sourcecode.swift; path = SceneDelegate.swift; sourceTree = "<group>"; };
		EB89F5922706CCC2007E8E92 /* ViewController.swift */ = {isa = PBXFileReference; lastKnownFileType = sourcecode.swift; path = ViewController.swift; sourceTree = "<group>"; };
		EB89F5952706CCC2007E8E92 /* Base */ = {isa = PBXFileReference; lastKnownFileType = file.storyboard; name = Base; path = Base.lproj/Main.storyboard; sourceTree = "<group>"; };
		EB89F5982706CCC2007E8E92 /* Test_Project.xcdatamodel */ = {isa = PBXFileReference; lastKnownFileType = wrapper.xcdatamodel; path = Test_Project.xcdatamodel; sourceTree = "<group>"; };
		EB89F59A2706CCC5007E8E92 /* Assets.xcassets */ = {isa = PBXFileReference; lastKnownFileType = folder.assetcatalog; path = Assets.xcassets; sourceTree = "<group>"; };
		EB89F59D2706CCC5007E8E92 /* Base */ = {isa = PBXFileReference; lastKnownFileType = file.storyboard; name = Base; path = Base.lproj/LaunchScreen.storyboard; sourceTree = "<group>"; };
		EB89F59F2706CCC5007E8E92 /* Info.plist */ = {isa = PBXFileReference; lastKnownFileType = text.plist.xml; path = Info.plist; sourceTree = "<group>"; };
		EB89F5A42706CCC6007E8E92 /* Test ProjectTests.xctest */ = {isa = PBXFileReference; explicitFileType = wrapper.cfbundle; includeInIndex = 0; path = "Test ProjectTests.xctest"; sourceTree = BUILT_PRODUCTS_DIR; };
		EB89F5A82706CCC6007E8E92 /* Test_ProjectTests.swift */ = {isa = PBXFileReference; lastKnownFileType = sourcecode.swift; path = Test_ProjectTests.swift; sourceTree = "<group>"; };
		EB89F5AA2706CCC6007E8E92 /* Info.plist */ = {isa = PBXFileReference; lastKnownFileType = text.plist.xml; path = Info.plist; sourceTree = "<group>"; };
		EB89F5AF2706CCC6007E8E92 /* Test ProjectUITests.xctest */ = {isa = PBXFileReference; explicitFileType = wrapper.cfbundle; includeInIndex = 0; path = "Test ProjectUITests.xctest"; sourceTree = BUILT_PRODUCTS_DIR; };
		EB89F5B32706CCC6007E8E92 /* Test_ProjectUITests.swift */ = {isa = PBXFileReference; lastKnownFileType = sourcecode.swift; path = Test_ProjectUITests.swift; sourceTree = "<group>"; };
		EB89F5B52706CCC6007E8E92 /* Info.plist */ = {isa = PBXFileReference; lastKnownFileType = text.plist.xml; path = Info.plist; sourceTree = "<group>"; };
		EB89F5C42706DB7D007E8E92 /* SearchBarExtension.swift */ = {isa = PBXFileReference; lastKnownFileType = sourcecode.swift; path = SearchBarExtension.swift; sourceTree = "<group>"; };
		EB89F5C62706DE65007E8E92 /* ButtonExtension.swift */ = {isa = PBXFileReference; lastKnownFileType = sourcecode.swift; path = ButtonExtension.swift; sourceTree = "<group>"; };
		EB89F5C82706E382007E8E92 /* MainTabViewController.swift */ = {isa = PBXFileReference; lastKnownFileType = sourcecode.swift; path = MainTabViewController.swift; sourceTree = "<group>"; };
		EB89F5CB2706E475007E8E92 /* FirstTableViewCell.swift */ = {isa = PBXFileReference; lastKnownFileType = sourcecode.swift; path = FirstTableViewCell.swift; sourceTree = "<group>"; };
		EB89F5CC2706E475007E8E92 /* FirstTableViewCell.xib */ = {isa = PBXFileReference; lastKnownFileType = file.xib; path = FirstTableViewCell.xib; sourceTree = "<group>"; };
		EB89F5D02706E594007E8E92 /* FirstCollectionViewCell.swift */ = {isa = PBXFileReference; lastKnownFileType = sourcecode.swift; path = FirstCollectionViewCell.swift; sourceTree = "<group>"; };
		EB89F5D12706E594007E8E92 /* FirstCollectionViewCell.xib */ = {isa = PBXFileReference; lastKnownFileType = file.xib; path = FirstCollectionViewCell.xib; sourceTree = "<group>"; };
		EB89F5D42706EA0F007E8E92 /* ModelStruct.swift */ = {isa = PBXFileReference; lastKnownFileType = sourcecode.swift; path = ModelStruct.swift; sourceTree = "<group>"; };
		EB89F5D727070139007E8E92 /* SecondTableViewCell.swift */ = {isa = PBXFileReference; lastKnownFileType = sourcecode.swift; path = SecondTableViewCell.swift; sourceTree = "<group>"; };
		EB89F5D827070139007E8E92 /* SecondTableViewCell.xib */ = {isa = PBXFileReference; lastKnownFileType = file.xib; path = SecondTableViewCell.xib; sourceTree = "<group>"; };
		EB89F5DB2707056A007E8E92 /* LabelExtension.swift */ = {isa = PBXFileReference; lastKnownFileType = sourcecode.swift; path = LabelExtension.swift; sourceTree = "<group>"; };
		EB89F5DD27070BB2007E8E92 /* ThirdCollectionViewCell.swift */ = {isa = PBXFileReference; lastKnownFileType = sourcecode.swift; path = ThirdCollectionViewCell.swift; sourceTree = "<group>"; };
		EB89F5DE27070BB2007E8E92 /* ThirdCollectionViewCell.xib */ = {isa = PBXFileReference; lastKnownFileType = file.xib; path = ThirdCollectionViewCell.xib; sourceTree = "<group>"; };
		EB89F5E327073655007E8E92 /* HeaderViewTableView.swift */ = {isa = PBXFileReference; lastKnownFileType = sourcecode.swift; path = HeaderViewTableView.swift; sourceTree = "<group>"; };
		EB89F5E527073664007E8E92 /* HeaderViewTableView.xib */ = {isa = PBXFileReference; lastKnownFileType = file.xib; path = HeaderViewTableView.xib; sourceTree = "<group>"; };
		EB89F5E727073953007E8E92 /* OrderAgainCollectionViewCell.swift */ = {isa = PBXFileReference; lastKnownFileType = sourcecode.swift; path = OrderAgainCollectionViewCell.swift; sourceTree = "<group>"; };
		EB89F5E827073953007E8E92 /* OrderAgainCollectionViewCell.xib */ = {isa = PBXFileReference; lastKnownFileType = file.xib; path = OrderAgainCollectionViewCell.xib; sourceTree = "<group>"; };
		EB89F5EB270745D1007E8E92 /* FoodCollectionViewCell.swift */ = {isa = PBXFileReference; lastKnownFileType = sourcecode.swift; path = FoodCollectionViewCell.swift; sourceTree = "<group>"; };
		EB89F5EC270745D1007E8E92 /* FoodCollectionViewCell.xib */ = {isa = PBXFileReference; lastKnownFileType = file.xib; path = FoodCollectionViewCell.xib; sourceTree = "<group>"; };
		EB89F5EF27076660007E8E92 /* MoreTableViewCell.swift */ = {isa = PBXFileReference; lastKnownFileType = sourcecode.swift; path = MoreTableViewCell.swift; sourceTree = "<group>"; };
		EB89F5F027076660007E8E92 /* MoreTableViewCell.xib */ = {isa = PBXFileReference; lastKnownFileType = file.xib; path = MoreTableViewCell.xib; sourceTree = "<group>"; };
		EB89F5F327076B21007E8E92 /* RestaurantTableViewCell.swift */ = {isa = PBXFileReference; lastKnownFileType = sourcecode.swift; path = RestaurantTableViewCell.swift; sourceTree = "<group>"; };
		EB89F5F427076B21007E8E92 /* RestaurantTableViewCell.xib */ = {isa = PBXFileReference; lastKnownFileType = file.xib; path = RestaurantTableViewCell.xib; sourceTree = "<group>"; };
		EB89F5F72707879F007E8E92 /* ViewExtension.swift */ = {isa = PBXFileReference; lastKnownFileType = sourcecode.swift; path = ViewExtension.swift; sourceTree = "<group>"; };
		EB89F5F92707B4ED007E8E92 /* SearchViewController.swift */ = {isa = PBXFileReference; lastKnownFileType = sourcecode.swift; path = SearchViewController.swift; sourceTree = "<group>"; };
		EBC4BDBB2708469B00ABEB4E /* SearchRestaurantTableViewCell.swift */ = {isa = PBXFileReference; lastKnownFileType = sourcecode.swift; path = SearchRestaurantTableViewCell.swift; sourceTree = "<group>"; };
		EBC4BDBC2708469B00ABEB4E /* SearchRestaurantTableViewCell.xib */ = {isa = PBXFileReference; lastKnownFileType = file.xib; path = SearchRestaurantTableViewCell.xib; sourceTree = "<group>"; };
/* End PBXFileReference section */

/* Begin PBXFrameworksBuildPhase section */
		EB89F5882706CCC2007E8E92 /* Frameworks */ = {
			isa = PBXFrameworksBuildPhase;
			buildActionMask = 2147483647;
			files = (
			);
			runOnlyForDeploymentPostprocessing = 0;
		};
		EB89F5A12706CCC6007E8E92 /* Frameworks */ = {
			isa = PBXFrameworksBuildPhase;
			buildActionMask = 2147483647;
			files = (
			);
			runOnlyForDeploymentPostprocessing = 0;
		};
		EB89F5AC2706CCC6007E8E92 /* Frameworks */ = {
			isa = PBXFrameworksBuildPhase;
			buildActionMask = 2147483647;
			files = (
			);
			runOnlyForDeploymentPostprocessing = 0;
		};
/* End PBXFrameworksBuildPhase section */

/* Begin PBXGroup section */
		EB89F5822706CCC1007E8E92 = {
			isa = PBXGroup;
			children = (
				EB89F58D2706CCC2007E8E92 /* Test Project */,
				EB89F5A72706CCC6007E8E92 /* Test ProjectTests */,
				EB89F5B22706CCC6007E8E92 /* Test ProjectUITests */,
				EB89F58C2706CCC2007E8E92 /* Products */,
			);
			sourceTree = "<group>";
		};
		EB89F58C2706CCC2007E8E92 /* Products */ = {
			isa = PBXGroup;
			children = (
				EB89F58B2706CCC2007E8E92 /* Test Project.app */,
				EB89F5A42706CCC6007E8E92 /* Test ProjectTests.xctest */,
				EB89F5AF2706CCC6007E8E92 /* Test ProjectUITests.xctest */,
			);
			name = Products;
			sourceTree = "<group>";
		};
		EB89F58D2706CCC2007E8E92 /* Test Project */ = {
			isa = PBXGroup;
			children = (
				EB89F5942706CCC2007E8E92 /* Main.storyboard */,
				EB89F5E227070C70007E8E92 /* Common */,
				EB89F5E127070C53007E8E92 /* Controller */,
				EB89F5D62706EA14007E8E92 /* Model */,
				EB89F5CF2706E4A9007E8E92 /* CollectionViewCell */,
				EB89F5CA2706E43E007E8E92 /* TableViewCell */,
				EB89F5C12706D2D6007E8E92 /* Extension */,
				EB89F59A2706CCC5007E8E92 /* Assets.xcassets */,
				EB89F59F2706CCC5007E8E92 /* Info.plist */,
				EB89F5972706CCC2007E8E92 /* Test_Project.xcdatamodeld */,
			);
			path = "Test Project";
			sourceTree = "<group>";
		};
		EB89F5A72706CCC6007E8E92 /* Test ProjectTests */ = {
			isa = PBXGroup;
			children = (
				EB89F5A82706CCC6007E8E92 /* Test_ProjectTests.swift */,
				EB89F5AA2706CCC6007E8E92 /* Info.plist */,
			);
			path = "Test ProjectTests";
			sourceTree = "<group>";
		};
		EB89F5B22706CCC6007E8E92 /* Test ProjectUITests */ = {
			isa = PBXGroup;
			children = (
				EB89F5B32706CCC6007E8E92 /* Test_ProjectUITests.swift */,
				EB89F5B52706CCC6007E8E92 /* Info.plist */,
			);
			path = "Test ProjectUITests";
			sourceTree = "<group>";
		};
		EB89F5C12706D2D6007E8E92 /* Extension */ = {
			isa = PBXGroup;
			children = (
				EB89F5C42706DB7D007E8E92 /* SearchBarExtension.swift */,
				EB89F5C62706DE65007E8E92 /* ButtonExtension.swift */,
				EB89F5DB2707056A007E8E92 /* LabelExtension.swift */,
				EB89F5F72707879F007E8E92 /* ViewExtension.swift */,
			);
			path = Extension;
			sourceTree = "<group>";
		};
		EB89F5CA2706E43E007E8E92 /* TableViewCell */ = {
			isa = PBXGroup;
			children = (
				EB89F5CB2706E475007E8E92 /* FirstTableViewCell.swift */,
				EB89F5CC2706E475007E8E92 /* FirstTableViewCell.xib */,
				EB89F5D727070139007E8E92 /* SecondTableViewCell.swift */,
				EB89F5D827070139007E8E92 /* SecondTableViewCell.xib */,
				EB89F5E327073655007E8E92 /* HeaderViewTableView.swift */,
				EB89F5E527073664007E8E92 /* HeaderViewTableView.xib */,
				EB89F5EF27076660007E8E92 /* MoreTableViewCell.swift */,
				EB89F5F027076660007E8E92 /* MoreTableViewCell.xib */,
				EB89F5F327076B21007E8E92 /* RestaurantTableViewCell.swift */,
				EB89F5F427076B21007E8E92 /* RestaurantTableViewCell.xib */,
				EBC4BDBB2708469B00ABEB4E /* SearchRestaurantTableViewCell.swift */,
				EBC4BDBC2708469B00ABEB4E /* SearchRestaurantTableViewCell.xib */,
			);
			path = TableViewCell;
			sourceTree = "<group>";
		};
		EB89F5CF2706E4A9007E8E92 /* CollectionViewCell */ = {
			isa = PBXGroup;
			children = (
				EB89F5D02706E594007E8E92 /* FirstCollectionViewCell.swift */,
				EB89F5D12706E594007E8E92 /* FirstCollectionViewCell.xib */,
				EB89F5DD27070BB2007E8E92 /* ThirdCollectionViewCell.swift */,
				EB89F5DE27070BB2007E8E92 /* ThirdCollectionViewCell.xib */,
				EB89F5E727073953007E8E92 /* OrderAgainCollectionViewCell.swift */,
				EB89F5E827073953007E8E92 /* OrderAgainCollectionViewCell.xib */,
				EB89F5EB270745D1007E8E92 /* FoodCollectionViewCell.swift */,
				EB89F5EC270745D1007E8E92 /* FoodCollectionViewCell.xib */,
			);
			path = CollectionViewCell;
			sourceTree = "<group>";
		};
		EB89F5D62706EA14007E8E92 /* Model */ = {
			isa = PBXGroup;
			children = (
				EB89F5D42706EA0F007E8E92 /* ModelStruct.swift */,
			);
			path = Model;
			sourceTree = "<group>";
		};
		EB89F5E127070C53007E8E92 /* Controller */ = {
			isa = PBXGroup;
			children = (
				EB89F5C82706E382007E8E92 /* MainTabViewController.swift */,
				EB89F5922706CCC2007E8E92 /* ViewController.swift */,
				EB89F5F92707B4ED007E8E92 /* SearchViewController.swift */,
			);
			path = Controller;
			sourceTree = "<group>";
		};
		EB89F5E227070C70007E8E92 /* Common */ = {
			isa = PBXGroup;
			children = (
				EB89F58E2706CCC2007E8E92 /* AppDelegate.swift */,
				EB89F5902706CCC2007E8E92 /* SceneDelegate.swift */,
				EB89F59C2706CCC5007E8E92 /* LaunchScreen.storyboard */,
			);
			path = Common;
			sourceTree = "<group>";
		};
/* End PBXGroup section */

/* Begin PBXNativeTarget section */
		EB89F58A2706CCC2007E8E92 /* Test Project */ = {
			isa = PBXNativeTarget;
			buildConfigurationList = EB89F5B82706CCC6007E8E92 /* Build configuration list for PBXNativeTarget "Test Project" */;
			buildPhases = (
				EB89F5872706CCC2007E8E92 /* Sources */,
				EB89F5882706CCC2007E8E92 /* Frameworks */,
				EB89F5892706CCC2007E8E92 /* Resources */,
			);
			buildRules = (
			);
			dependencies = (
			);
			name = "Test Project";
			productName = "Test Project";
			productReference = EB89F58B2706CCC2007E8E92 /* Test Project.app */;
			productType = "com.apple.product-type.application";
		};
		EB89F5A32706CCC6007E8E92 /* Test ProjectTests */ = {
			isa = PBXNativeTarget;
			buildConfigurationList = EB89F5BB2706CCC6007E8E92 /* Build configuration list for PBXNativeTarget "Test ProjectTests" */;
			buildPhases = (
				EB89F5A02706CCC6007E8E92 /* Sources */,
				EB89F5A12706CCC6007E8E92 /* Frameworks */,
				EB89F5A22706CCC6007E8E92 /* Resources */,
			);
			buildRules = (
			);
			dependencies = (
				EB89F5A62706CCC6007E8E92 /* PBXTargetDependency */,
			);
			name = "Test ProjectTests";
			productName = "Test ProjectTests";
			productReference = EB89F5A42706CCC6007E8E92 /* Test ProjectTests.xctest */;
			productType = "com.apple.product-type.bundle.unit-test";
		};
		EB89F5AE2706CCC6007E8E92 /* Test ProjectUITests */ = {
			isa = PBXNativeTarget;
			buildConfigurationList = EB89F5BE2706CCC6007E8E92 /* Build configuration list for PBXNativeTarget "Test ProjectUITests" */;
			buildPhases = (
				EB89F5AB2706CCC6007E8E92 /* Sources */,
				EB89F5AC2706CCC6007E8E92 /* Frameworks */,
				EB89F5AD2706CCC6007E8E92 /* Resources */,
			);
			buildRules = (
			);
			dependencies = (
				EB89F5B12706CCC6007E8E92 /* PBXTargetDependency */,
			);
			name = "Test ProjectUITests";
			productName = "Test ProjectUITests";
			productReference = EB89F5AF2706CCC6007E8E92 /* Test ProjectUITests.xctest */;
			productType = "com.apple.product-type.bundle.ui-testing";
		};
/* End PBXNativeTarget section */

/* Begin PBXProject section */
		EB89F5832706CCC1007E8E92 /* Project object */ = {
			isa = PBXProject;
			attributes = {
				LastSwiftUpdateCheck = 1250;
				LastUpgradeCheck = 1250;
				TargetAttributes = {
					EB89F58A2706CCC2007E8E92 = {
						CreatedOnToolsVersion = 12.5.1;
					};
					EB89F5A32706CCC6007E8E92 = {
						CreatedOnToolsVersion = 12.5.1;
						TestTargetID = EB89F58A2706CCC2007E8E92;
					};
					EB89F5AE2706CCC6007E8E92 = {
						CreatedOnToolsVersion = 12.5.1;
						TestTargetID = EB89F58A2706CCC2007E8E92;
					};
				};
			};
			buildConfigurationList = EB89F5862706CCC2007E8E92 /* Build configuration list for PBXProject "Test Project" */;
			compatibilityVersion = "Xcode 9.3";
			developmentRegion = en;
			hasScannedForEncodings = 0;
			knownRegions = (
				en,
				Base,
			);
			mainGroup = EB89F5822706CCC1007E8E92;
			productRefGroup = EB89F58C2706CCC2007E8E92 /* Products */;
			projectDirPath = "";
			projectRoot = "";
			targets = (
				EB89F58A2706CCC2007E8E92 /* Test Project */,
				EB89F5A32706CCC6007E8E92 /* Test ProjectTests */,
				EB89F5AE2706CCC6007E8E92 /* Test ProjectUITests */,
			);
		};
/* End PBXProject section */

/* Begin PBXResourcesBuildPhase section */
		EB89F5892706CCC2007E8E92 /* Resources */ = {
			isa = PBXResourcesBuildPhase;
			buildActionMask = 2147483647;
			files = (
				EB89F59E2706CCC5007E8E92 /* LaunchScreen.storyboard in Resources */,
				EB89F5DA27070139007E8E92 /* SecondTableViewCell.xib in Resources */,
				EB89F59B2706CCC5007E8E92 /* Assets.xcassets in Resources */,
				EB89F5D32706E594007E8E92 /* FirstCollectionViewCell.xib in Resources */,
				EBC4BDBE2708469B00ABEB4E /* SearchRestaurantTableViewCell.xib in Resources */,
				EB89F5F627076B21007E8E92 /* RestaurantTableViewCell.xib in Resources */,
				EB89F5EA27073953007E8E92 /* OrderAgainCollectionViewCell.xib in Resources */,
				EB89F5E027070BB2007E8E92 /* ThirdCollectionViewCell.xib in Resources */,
				EB89F5CE2706E476007E8E92 /* FirstTableViewCell.xib in Resources */,
				EB89F5962706CCC2007E8E92 /* Main.storyboard in Resources */,
				EB89F5EE270745D1007E8E92 /* FoodCollectionViewCell.xib in Resources */,
				EB89F5F227076660007E8E92 /* MoreTableViewCell.xib in Resources */,
				EB89F5E627073664007E8E92 /* HeaderViewTableView.xib in Resources */,
			);
			runOnlyForDeploymentPostprocessing = 0;
		};
		EB89F5A22706CCC6007E8E92 /* Resources */ = {
			isa = PBXResourcesBuildPhase;
			buildActionMask = 2147483647;
			files = (
			);
			runOnlyForDeploymentPostprocessing = 0;
		};
		EB89F5AD2706CCC6007E8E92 /* Resources */ = {
			isa = PBXResourcesBuildPhase;
			buildActionMask = 2147483647;
			files = (
			);
			runOnlyForDeploymentPostprocessing = 0;
		};
/* End PBXResourcesBuildPhase section */

/* Begin PBXSourcesBuildPhase section */
		EB89F5872706CCC2007E8E92 /* Sources */ = {
			isa = PBXSourcesBuildPhase;
			buildActionMask = 2147483647;
			files = (
				EB89F5DF27070BB2007E8E92 /* ThirdCollectionViewCell.swift in Sources */,
				EB89F5CD2706E476007E8E92 /* FirstTableViewCell.swift in Sources */,
				EB89F5D52706EA0F007E8E92 /* ModelStruct.swift in Sources */,
				EB89F5F127076660007E8E92 /* MoreTableViewCell.swift in Sources */,
				EB89F5DC2707056A007E8E92 /* LabelExtension.swift in Sources */,
				EB89F5C72706DE65007E8E92 /* ButtonExtension.swift in Sources */,
				EB89F5E427073655007E8E92 /* HeaderViewTableView.swift in Sources */,
				EB89F5ED270745D1007E8E92 /* FoodCollectionViewCell.swift in Sources */,
				EB89F5C92706E382007E8E92 /* MainTabViewController.swift in Sources */,
				EB89F5932706CCC2007E8E92 /* ViewController.swift in Sources */,
				EB89F5FA2707B4ED007E8E92 /* SearchViewController.swift in Sources */,
				EBC4BDBD2708469B00ABEB4E /* SearchRestaurantTableViewCell.swift in Sources */,
				EB89F5E927073953007E8E92 /* OrderAgainCollectionViewCell.swift in Sources */,
				EB89F5D22706E594007E8E92 /* FirstCollectionViewCell.swift in Sources */,
				EB89F58F2706CCC2007E8E92 /* AppDelegate.swift in Sources */,
				EB89F5912706CCC2007E8E92 /* SceneDelegate.swift in Sources */,
				EB89F5992706CCC2007E8E92 /* Test_Project.xcdatamodeld in Sources */,
				EB89F5F82707879F007E8E92 /* ViewExtension.swift in Sources */,
				EB89F5C52706DB7D007E8E92 /* SearchBarExtension.swift in Sources */,
				EB89F5F527076B21007E8E92 /* RestaurantTableViewCell.swift in Sources */,
				EB89F5D927070139007E8E92 /* SecondTableViewCell.swift in Sources */,
			);
			runOnlyForDeploymentPostprocessing = 0;
		};
		EB89F5A02706CCC6007E8E92 /* Sources */ = {
			isa = PBXSourcesBuildPhase;
			buildActionMask = 2147483647;
			files = (
				EB89F5A92706CCC6007E8E92 /* Test_ProjectTests.swift in Sources */,
			);
			runOnlyForDeploymentPostprocessing = 0;
		};
		EB89F5AB2706CCC6007E8E92 /* Sources */ = {
			isa = PBXSourcesBuildPhase;
			buildActionMask = 2147483647;
			files = (
				EB89F5B42706CCC6007E8E92 /* Test_ProjectUITests.swift in Sources */,
			);
			runOnlyForDeploymentPostprocessing = 0;
		};
/* End PBXSourcesBuildPhase section */

/* Begin PBXTargetDependency section */
		EB89F5A62706CCC6007E8E92 /* PBXTargetDependency */ = {
			isa = PBXTargetDependency;
			target = EB89F58A2706CCC2007E8E92 /* Test Project */;
			targetProxy = EB89F5A52706CCC6007E8E92 /* PBXContainerItemProxy */;
		};
		EB89F5B12706CCC6007E8E92 /* PBXTargetDependency */ = {
			isa = PBXTargetDependency;
			target = EB89F58A2706CCC2007E8E92 /* Test Project */;
			targetProxy = EB89F5B02706CCC6007E8E92 /* PBXContainerItemProxy */;
		};
/* End PBXTargetDependency section */

/* Begin PBXVariantGroup section */
		EB89F5942706CCC2007E8E92 /* Main.storyboard */ = {
			isa = PBXVariantGroup;
			children = (
				EB89F5952706CCC2007E8E92 /* Base */,
			);
			name = Main.storyboard;
			sourceTree = "<group>";
		};
		EB89F59C2706CCC5007E8E92 /* LaunchScreen.storyboard */ = {
			isa = PBXVariantGroup;
			children = (
				EB89F59D2706CCC5007E8E92 /* Base */,
			);
			name = LaunchScreen.storyboard;
			sourceTree = "<group>";
		};
/* End PBXVariantGroup section */

/* Begin XCBuildConfiguration section */
		EB89F5B62706CCC6007E8E92 /* Debug */ = {
			isa = XCBuildConfiguration;
			buildSettings = {
				ALWAYS_SEARCH_USER_PATHS = NO;
				CLANG_ANALYZER_NONNULL = YES;
				CLANG_ANALYZER_NUMBER_OBJECT_CONVERSION = YES_AGGRESSIVE;
				CLANG_CXX_LANGUAGE_STANDARD = "gnu++14";
				CLANG_CXX_LIBRARY = "libc++";
				CLANG_ENABLE_MODULES = YES;
				CLANG_ENABLE_OBJC_ARC = YES;
				CLANG_ENABLE_OBJC_WEAK = YES;
				CLANG_WARN_BLOCK_CAPTURE_AUTORELEASING = YES;
				CLANG_WARN_BOOL_CONVERSION = YES;
				CLANG_WARN_COMMA = YES;
				CLANG_WARN_CONSTANT_CONVERSION = YES;
				CLANG_WARN_DEPRECATED_OBJC_IMPLEMENTATIONS = YES;
				CLANG_WARN_DIRECT_OBJC_ISA_USAGE = YES_ERROR;
				CLANG_WARN_DOCUMENTATION_COMMENTS = YES;
				CLANG_WARN_EMPTY_BODY = YES;
				CLANG_WARN_ENUM_CONVERSION = YES;
				CLANG_WARN_INFINITE_RECURSION = YES;
				CLANG_WARN_INT_CONVERSION = YES;
				CLANG_WARN_NON_LITERAL_NULL_CONVERSION = YES;
				CLANG_WARN_OBJC_IMPLICIT_RETAIN_SELF = YES;
				CLANG_WARN_OBJC_LITERAL_CONVERSION = YES;
				CLANG_WARN_OBJC_ROOT_CLASS = YES_ERROR;
				CLANG_WARN_QUOTED_INCLUDE_IN_FRAMEWORK_HEADER = YES;
				CLANG_WARN_RANGE_LOOP_ANALYSIS = YES;
				CLANG_WARN_STRICT_PROTOTYPES = YES;
				CLANG_WARN_SUSPICIOUS_MOVE = YES;
				CLANG_WARN_UNGUARDED_AVAILABILITY = YES_AGGRESSIVE;
				CLANG_WARN_UNREACHABLE_CODE = YES;
				CLANG_WARN__DUPLICATE_METHOD_MATCH = YES;
				COPY_PHASE_STRIP = NO;
				DEBUG_INFORMATION_FORMAT = dwarf;
				ENABLE_STRICT_OBJC_MSGSEND = YES;
				ENABLE_TESTABILITY = YES;
				GCC_C_LANGUAGE_STANDARD = gnu11;
				GCC_DYNAMIC_NO_PIC = NO;
				GCC_NO_COMMON_BLOCKS = YES;
				GCC_OPTIMIZATION_LEVEL = 0;
				GCC_PREPROCESSOR_DEFINITIONS = (
					"DEBUG=1",
					"$(inherited)",
				);
				GCC_WARN_64_TO_32_BIT_CONVERSION = YES;
				GCC_WARN_ABOUT_RETURN_TYPE = YES_ERROR;
				GCC_WARN_UNDECLARED_SELECTOR = YES;
				GCC_WARN_UNINITIALIZED_AUTOS = YES_AGGRESSIVE;
				GCC_WARN_UNUSED_FUNCTION = YES;
				GCC_WARN_UNUSED_VARIABLE = YES;
				IPHONEOS_DEPLOYMENT_TARGET = 14.5;
				MTL_ENABLE_DEBUG_INFO = INCLUDE_SOURCE;
				MTL_FAST_MATH = YES;
				ONLY_ACTIVE_ARCH = YES;
				SDKROOT = iphoneos;
				SWIFT_ACTIVE_COMPILATION_CONDITIONS = DEBUG;
				SWIFT_OPTIMIZATION_LEVEL = "-Onone";
			};
			name = Debug;
		};
		EB89F5B72706CCC6007E8E92 /* Release */ = {
			isa = XCBuildConfiguration;
			buildSettings = {
				ALWAYS_SEARCH_USER_PATHS = NO;
				CLANG_ANALYZER_NONNULL = YES;
				CLANG_ANALYZER_NUMBER_OBJECT_CONVERSION = YES_AGGRESSIVE;
				CLANG_CXX_LANGUAGE_STANDARD = "gnu++14";
				CLANG_CXX_LIBRARY = "libc++";
				CLANG_ENABLE_MODULES = YES;
				CLANG_ENABLE_OBJC_ARC = YES;
				CLANG_ENABLE_OBJC_WEAK = YES;
				CLANG_WARN_BLOCK_CAPTURE_AUTORELEASING = YES;
				CLANG_WARN_BOOL_CONVERSION = YES;
				CLANG_WARN_COMMA = YES;
				CLANG_WARN_CONSTANT_CONVERSION = YES;
				CLANG_WARN_DEPRECATED_OBJC_IMPLEMENTATIONS = YES;
				CLANG_WARN_DIRECT_OBJC_ISA_USAGE = YES_ERROR;
				CLANG_WARN_DOCUMENTATION_COMMENTS = YES;
				CLANG_WARN_EMPTY_BODY = YES;
				CLANG_WARN_ENUM_CONVERSION = YES;
				CLANG_WARN_INFINITE_RECURSION = YES;
				CLANG_WARN_INT_CONVERSION = YES;
				CLANG_WARN_NON_LITERAL_NULL_CONVERSION = YES;
				CLANG_WARN_OBJC_IMPLICIT_RETAIN_SELF = YES;
				CLANG_WARN_OBJC_LITERAL_CONVERSION = YES;
				CLANG_WARN_OBJC_ROOT_CLASS = YES_ERROR;
				CLANG_WARN_QUOTED_INCLUDE_IN_FRAMEWORK_HEADER = YES;
				CLANG_WARN_RANGE_LOOP_ANALYSIS = YES;
				CLANG_WARN_STRICT_PROTOTYPES = YES;
				CLANG_WARN_SUSPICIOUS_MOVE = YES;
				CLANG_WARN_UNGUARDED_AVAILABILITY = YES_AGGRESSIVE;
				CLANG_WARN_UNREACHABLE_CODE = YES;
				CLANG_WARN__DUPLICATE_METHOD_MATCH = YES;
				COPY_PHASE_STRIP = NO;
				DEBUG_INFORMATION_FORMAT = "dwarf-with-dsym";
				ENABLE_NS_ASSERTIONS = NO;
				ENABLE_STRICT_OBJC_MSGSEND = YES;
				GCC_C_LANGUAGE_STANDARD = gnu11;
				GCC_NO_COMMON_BLOCKS = YES;
				GCC_WARN_64_TO_32_BIT_CONVERSION = YES;
				GCC_WARN_ABOUT_RETURN_TYPE = YES_ERROR;
				GCC_WARN_UNDECLARED_SELECTOR = YES;
				GCC_WARN_UNINITIALIZED_AUTOS = YES_AGGRESSIVE;
				GCC_WARN_UNUSED_FUNCTION = YES;
				GCC_WARN_UNUSED_VARIABLE = YES;
				IPHONEOS_DEPLOYMENT_TARGET = 14.5;
				MTL_ENABLE_DEBUG_INFO = NO;
				MTL_FAST_MATH = YES;
				SDKROOT = iphoneos;
				SWIFT_COMPILATION_MODE = wholemodule;
				SWIFT_OPTIMIZATION_LEVEL = "-O";
				VALIDATE_PRODUCT = YES;
			};
			name = Release;
		};
		EB89F5B92706CCC6007E8E92 /* Debug */ = {
			isa = XCBuildConfiguration;
			buildSettings = {
				ASSETCATALOG_COMPILER_APPICON_NAME = AppIcon;
				ASSETCATALOG_COMPILER_GLOBAL_ACCENT_COLOR_NAME = AccentColor;
				CODE_SIGN_STYLE = Automatic;
				DEVELOPMENT_TEAM = 2RBK2MHQGW;
				INFOPLIST_FILE = "Test Project/Info.plist";
				IPHONEOS_DEPLOYMENT_TARGET = 10.0;
				LD_RUNPATH_SEARCH_PATHS = (
					"$(inherited)",
					"@executable_path/Frameworks",
				);
				PRODUCT_BUNDLE_IDENTIFIER = "com.mentrictech.Test-Project";
				PRODUCT_NAME = "$(TARGET_NAME)";
				SWIFT_VERSION = 5.0;
				TARGETED_DEVICE_FAMILY = "1,2";
			};
			name = Debug;
		};
		EB89F5BA2706CCC6007E8E92 /* Release */ = {
			isa = XCBuildConfiguration;
			buildSettings = {
				ASSETCATALOG_COMPILER_APPICON_NAME = AppIcon;
				ASSETCATALOG_COMPILER_GLOBAL_ACCENT_COLOR_NAME = AccentColor;
				CODE_SIGN_STYLE = Automatic;
				DEVELOPMENT_TEAM = 2RBK2MHQGW;
				INFOPLIST_FILE = "Test Project/Info.plist";
				IPHONEOS_DEPLOYMENT_TARGET = 10.0;
				LD_RUNPATH_SEARCH_PATHS = (
					"$(inherited)",
					"@executable_path/Frameworks",
				);
				PRODUCT_BUNDLE_IDENTIFIER = "com.mentrictech.Test-Project";
				PRODUCT_NAME = "$(TARGET_NAME)";
				SWIFT_VERSION = 5.0;
				TARGETED_DEVICE_FAMILY = "1,2";
			};
			name = Release;
		};
		EB89F5BC2706CCC6007E8E92 /* Debug */ = {
			isa = XCBuildConfiguration;
			buildSettings = {
				ALWAYS_EMBED_SWIFT_STANDARD_LIBRARIES = YES;
				BUNDLE_LOADER = "$(TEST_HOST)";
				CODE_SIGN_STYLE = Automatic;
				DEVELOPMENT_TEAM = 2RBK2MHQGW;
				INFOPLIST_FILE = "Test ProjectTests/Info.plist";
				IPHONEOS_DEPLOYMENT_TARGET = 14.5;
				LD_RUNPATH_SEARCH_PATHS = (
					"$(inherited)",
					"@executable_path/Frameworks",
					"@loader_path/Frameworks",
				);
				PRODUCT_BUNDLE_IDENTIFIER = "com.mentrictech.Test-ProjectTests";
				PRODUCT_NAME = "$(TARGET_NAME)";
				SWIFT_VERSION = 5.0;
				TARGETED_DEVICE_FAMILY = "1,2";
				TEST_HOST = "$(BUILT_PRODUCTS_DIR)/Test Project.app/Test Project";
			};
			name = Debug;
		};
		EB89F5BD2706CCC6007E8E92 /* Release */ = {
			isa = XCBuildConfiguration;
			buildSettings = {
				ALWAYS_EMBED_SWIFT_STANDARD_LIBRARIES = YES;
				BUNDLE_LOADER = "$(TEST_HOST)";
				CODE_SIGN_STYLE = Automatic;
				DEVELOPMENT_TEAM = 2RBK2MHQGW;
				INFOPLIST_FILE = "Test ProjectTests/Info.plist";
				IPHONEOS_DEPLOYMENT_TARGET = 14.5;
				LD_RUNPATH_SEARCH_PATHS = (
					"$(inherited)",
					"@executable_path/Frameworks",
					"@loader_path/Frameworks",
				);
				PRODUCT_BUNDLE_IDENTIFIER = "com.mentrictech.Test-ProjectTests";
				PRODUCT_NAME = "$(TARGET_NAME)";
				SWIFT_VERSION = 5.0;
				TARGETED_DEVICE_FAMILY = "1,2";
				TEST_HOST = "$(BUILT_PRODUCTS_DIR)/Test Project.app/Test Project";
			};
			name = Release;
		};
		EB89F5BF2706CCC6007E8E92 /* Debug */ = {
			isa = XCBuildConfiguration;
			buildSettings = {
				ALWAYS_EMBED_SWIFT_STANDARD_LIBRARIES = YES;
				CODE_SIGN_STYLE = Automatic;
				DEVELOPMENT_TEAM = 2RBK2MHQGW;
				INFOPLIST_FILE = "Test ProjectUITests/Info.plist";
				LD_RUNPATH_SEARCH_PATHS = (
					"$(inherited)",
					"@executable_path/Frameworks",
					"@loader_path/Frameworks",
				);
				PRODUCT_BUNDLE_IDENTIFIER = "com.mentrictech.Test-ProjectUITests";
				PRODUCT_NAME = "$(TARGET_NAME)";
				SWIFT_VERSION = 5.0;
				TARGETED_DEVICE_FAMILY = "1,2";
				TEST_TARGET_NAME = "Test Project";
			};
			name = Debug;
		};
		EB89F5C02706CCC6007E8E92 /* Release */ = {
			isa = XCBuildConfiguration;
			buildSettings = {
				ALWAYS_EMBED_SWIFT_STANDARD_LIBRARIES = YES;
				CODE_SIGN_STYLE = Automatic;
				DEVELOPMENT_TEAM = 2RBK2MHQGW;
				INFOPLIST_FILE = "Test ProjectUITests/Info.plist";
				LD_RUNPATH_SEARCH_PATHS = (
					"$(inherited)",
					"@executable_path/Frameworks",
					"@loader_path/Frameworks",
				);
				PRODUCT_BUNDLE_IDENTIFIER = "com.mentrictech.Test-ProjectUITests";
				PRODUCT_NAME = "$(TARGET_NAME)";
				SWIFT_VERSION = 5.0;
				TARGETED_DEVICE_FAMILY = "1,2";
				TEST_TARGET_NAME = "Test Project";
			};
			name = Release;
		};
/* End XCBuildConfiguration section */

/* Begin XCConfigurationList section */
		EB89F5862706CCC2007E8E92 /* Build configuration list for PBXProject "Test Project" */ = {
			isa = XCConfigurationList;
			buildConfigurations = (
				EB89F5B62706CCC6007E8E92 /* Debug */,
				EB89F5B72706CCC6007E8E92 /* Release */,
			);
			defaultConfigurationIsVisible = 0;
			defaultConfigurationName = Release;
		};
		EB89F5B82706CCC6007E8E92 /* Build configuration list for PBXNativeTarget "Test Project" */ = {
			isa = XCConfigurationList;
			buildConfigurations = (
				EB89F5B92706CCC6007E8E92 /* Debug */,
				EB89F5BA2706CCC6007E8E92 /* Release */,
			);
			defaultConfigurationIsVisible = 0;
			defaultConfigurationName = Release;
		};
		EB89F5BB2706CCC6007E8E92 /* Build configuration list for PBXNativeTarget "Test ProjectTests" */ = {
			isa = XCConfigurationList;
			buildConfigurations = (
				EB89F5BC2706CCC6007E8E92 /* Debug */,
				EB89F5BD2706CCC6007E8E92 /* Release */,
			);
			defaultConfigurationIsVisible = 0;
			defaultConfigurationName = Release;
		};
		EB89F5BE2706CCC6007E8E92 /* Build configuration list for PBXNativeTarget "Test ProjectUITests" */ = {
			isa = XCConfigurationList;
			buildConfigurations = (
				EB89F5BF2706CCC6007E8E92 /* Debug */,
				EB89F5C02706CCC6007E8E92 /* Release */,
			);
			defaultConfigurationIsVisible = 0;
			defaultConfigurationName = Release;
		};
/* End XCConfigurationList section */

/* Begin XCVersionGroup section */
		EB89F5972706CCC2007E8E92 /* Test_Project.xcdatamodeld */ = {
			isa = XCVersionGroup;
			children = (
				EB89F5982706CCC2007E8E92 /* Test_Project.xcdatamodel */,
			);
			currentVersion = EB89F5982706CCC2007E8E92 /* Test_Project.xcdatamodel */;
			path = Test_Project.xcdatamodeld;
			sourceTree = "<group>";
			versionGroupType = wrapper.xcdatamodel;
		};
/* End XCVersionGroup section */
	};
	rootObject = EB89F5832706CCC1007E8E92 /* Project object */;
}
